// !$*UTF8*$!
{
	archiveVersion = 1;
	classes = {
	};
	objectVersion = 48;
	objects = {

/* Begin PBXBuildFile section */
		2E347E771FADB84200907633 /* Secret.swift in Sources */ = {isa = PBXBuildFile; fileRef = 2E347E761FADB84200907633 /* Secret.swift */; };
		2E347E7B1FADD8F200907633 /* API.swift in Sources */ = {isa = PBXBuildFile; fileRef = 2E347E7A1FADD8F200907633 /* API.swift */; };
		2E347E7D1FADD9D600907633 /* CitiesRequest.swift in Sources */ = {isa = PBXBuildFile; fileRef = 2E347E7C1FADD9D600907633 /* CitiesRequest.swift */; };
		2E347E7F1FADDAB700907633 /* FreshAPI.swift in Sources */ = {isa = PBXBuildFile; fileRef = 2E347E7E1FADDAB700907633 /* FreshAPI.swift */; };
		2E347E811FADDCBB00907633 /* FreshAPIConfiguration.swift in Sources */ = {isa = PBXBuildFile; fileRef = 2E347E801FADDCBB00907633 /* FreshAPIConfiguration.swift */; };
		2E347E831FADEB4700907633 /* PopulationCompositionRequest.swift in Sources */ = {isa = PBXBuildFile; fileRef = 2E347E821FADEB4700907633 /* PopulationCompositionRequest.swift */; };
		2E347E851FADEECF00907633 /* PopulationCompositionEntity.swift in Sources */ = {isa = PBXBuildFile; fileRef = 2E347E841FADEECF00907633 /* PopulationCompositionEntity.swift */; };
		2E347E891FADF4EB00907633 /* APIResult.swift in Sources */ = {isa = PBXBuildFile; fileRef = 2E347E881FADF4EB00907633 /* APIResult.swift */; };
		2E347E8B1FADF9F200907633 /* APIRepository.swift in Sources */ = {isa = PBXBuildFile; fileRef = 2E347E8A1FADF9F200907633 /* APIRepository.swift */; };
		2E347E8D1FAE0DFB00907633 /* IndustryPowerForIndustryRequest.swift in Sources */ = {isa = PBXBuildFile; fileRef = 2E347E8C1FAE0DFB00907633 /* IndustryPowerForIndustryRequest.swift */; };
		2E347E8F1FAE0EC100907633 /* IndustryPowerForIndustryEntity.swift in Sources */ = {isa = PBXBuildFile; fileRef = 2E347E8E1FAE0EC100907633 /* IndustryPowerForIndustryEntity.swift */; };
		2E347E911FAE175500907633 /* MunicipalityFoundationRequest.swift in Sources */ = {isa = PBXBuildFile; fileRef = 2E347E901FAE175500907633 /* MunicipalityFoundationRequest.swift */; };
		2E347E931FAE17FC00907633 /* MunicipalityFoundationEntity.swift in Sources */ = {isa = PBXBuildFile; fileRef = 2E347E921FAE17FC00907633 /* MunicipalityFoundationEntity.swift */; };
		2E347E951FAE1BB700907633 /* TourismForeignersForFromRequest.swift in Sources */ = {isa = PBXBuildFile; fileRef = 2E347E941FAE1BB700907633 /* TourismForeignersForFromRequest.swift */; };
		2E347E971FAE1C7500907633 /* TourismForeignersForFromEntity.swift in Sources */ = {isa = PBXBuildFile; fileRef = 2E347E961FAE1C7500907633 /* TourismForeignersForFromEntity.swift */; };
		2E557FF91FAE417600B0F019 /* PartnerDocomoDestinationRequest.swift in Sources */ = {isa = PBXBuildFile; fileRef = 2E557FF81FAE417600B0F019 /* PartnerDocomoDestinationRequest.swift */; };
		2E557FFB1FAE430100B0F019 /* PartnerDocomoDestinationEntity.swift in Sources */ = {isa = PBXBuildFile; fileRef = 2E557FFA1FAE430100B0F019 /* PartnerDocomoDestinationEntity.swift */; };
		3457C5408C78B4EC1693D14A /* Pods_freshUITests.framework in Frameworks */ = {isa = PBXBuildFile; fileRef = D27B932D5D9B20C53E0A6DDC /* Pods_freshUITests.framework */; };
		6E3DFB291FAE0A2E004D4A13 /* AppDelegate.swift in Sources */ = {isa = PBXBuildFile; fileRef = 6E975E8D1FAD863C0009F1F3 /* AppDelegate.swift */; };
		6E3DFB2B1FAE0E46004D4A13 /* Quiz.swift in Sources */ = {isa = PBXBuildFile; fileRef = 6E3DFB2A1FAE0E46004D4A13 /* Quiz.swift */; };
		6E3DFB2D1FAE10C0004D4A13 /* QuizRepository.swift in Sources */ = {isa = PBXBuildFile; fileRef = 6E3DFB2C1FAE10C0004D4A13 /* QuizRepository.swift */; };
		6E3DFB2F1FAE12A4004D4A13 /* quiz.json in Resources */ = {isa = PBXBuildFile; fileRef = 6E3DFB2E1FAE12A4004D4A13 /* quiz.json */; };
		6E975E931FAD863C0009F1F3 /* RootController.storyboard in Resources */ = {isa = PBXBuildFile; fileRef = 6E975E911FAD863C0009F1F3 /* RootController.storyboard */; };
		6E975E951FAD863C0009F1F3 /* Assets.xcassets in Resources */ = {isa = PBXBuildFile; fileRef = 6E975E941FAD863C0009F1F3 /* Assets.xcassets */; };
		6E975E981FAD863C0009F1F3 /* LaunchScreen.storyboard in Resources */ = {isa = PBXBuildFile; fileRef = 6E975E961FAD863C0009F1F3 /* LaunchScreen.storyboard */; };
		6E975EA31FAD863C0009F1F3 /* freshTests.swift in Sources */ = {isa = PBXBuildFile; fileRef = 6E975EA21FAD863C0009F1F3 /* freshTests.swift */; };
		6E975EAE1FAD863C0009F1F3 /* freshUITests.swift in Sources */ = {isa = PBXBuildFile; fileRef = 6E975EAD1FAD863C0009F1F3 /* freshUITests.swift */; };
		6E975EBD1FAD8BAA0009F1F3 /* RootController.swift in Sources */ = {isa = PBXBuildFile; fileRef = 6E975EBC1FAD8BAA0009F1F3 /* RootController.swift */; };
		6E975EC21FAD8C200009F1F3 /* QuizTopViewController.swift in Sources */ = {isa = PBXBuildFile; fileRef = 6E975EC11FAD8C200009F1F3 /* QuizTopViewController.swift */; };
		6E975EC41FAD8C320009F1F3 /* QuizTopViewController.storyboard in Resources */ = {isa = PBXBuildFile; fileRef = 6E975EC31FAD8C320009F1F3 /* QuizTopViewController.storyboard */; };
		6E975EC71FAD8ED30009F1F3 /* ProfileTopViewController.storyboard in Resources */ = {isa = PBXBuildFile; fileRef = 6E975EC61FAD8ED30009F1F3 /* ProfileTopViewController.storyboard */; };
		6E975EC91FAD8EE00009F1F3 /* ProfileTopViewController.swift in Sources */ = {isa = PBXBuildFile; fileRef = 6E975EC81FAD8EE00009F1F3 /* ProfileTopViewController.swift */; };
		6E975ECC1FAD94080009F1F3 /* CityRepository.swift in Sources */ = {isa = PBXBuildFile; fileRef = 6E975ECB1FAD94080009F1F3 /* CityRepository.swift */; };
		6E975ECF1FAD94AC0009F1F3 /* CityDataStore.swift in Sources */ = {isa = PBXBuildFile; fileRef = 6E975ECE1FAD94AC0009F1F3 /* CityDataStore.swift */; };
		6E975ED11FAD95E70009F1F3 /* iwate.json in Resources */ = {isa = PBXBuildFile; fileRef = 6E975ED01FAD95E70009F1F3 /* iwate.json */; };
		6EABAE851FADA6DB00B08F3E /* City.swift in Sources */ = {isa = PBXBuildFile; fileRef = 6EABAE841FADA6DB00B08F3E /* City.swift */; };
		6EABAE8B1FADB25000B08F3E /* GenreViewController.swift in Sources */ = {isa = PBXBuildFile; fileRef = 6EABAE8A1FADB25000B08F3E /* GenreViewController.swift */; };
		6EABAE8D1FADB26000B08F3E /* GenreViewController.storyboard in Resources */ = {isa = PBXBuildFile; fileRef = 6EABAE8C1FADB26000B08F3E /* GenreViewController.storyboard */; };
		6EABAE901FADB94600B08F3E /* GenreCollectionViewCell.swift in Sources */ = {isa = PBXBuildFile; fileRef = 6EABAE8F1FADB94600B08F3E /* GenreCollectionViewCell.swift */; };
		6EABAE921FADD9BA00B08F3E /* GenreRepository.swift in Sources */ = {isa = PBXBuildFile; fileRef = 6EABAE911FADD9BA00B08F3E /* GenreRepository.swift */; };
		6EABAE941FADD9EA00B08F3E /* Genre.swift in Sources */ = {isa = PBXBuildFile; fileRef = 6EABAE931FADD9EA00B08F3E /* Genre.swift */; };
		6EABAE971FADDAAB00B08F3E /* Utility.swift in Sources */ = {isa = PBXBuildFile; fileRef = 6EABAE961FADDAAB00B08F3E /* Utility.swift */; };
		6EABAE991FADDB2700B08F3E /* genre.json in Resources */ = {isa = PBXBuildFile; fileRef = 6EABAE981FADDB2700B08F3E /* genre.json */; };
		6EABAE9C1FADEE8500B08F3E /* QuizViewController.swift in Sources */ = {isa = PBXBuildFile; fileRef = 6EABAE9B1FADEE8500B08F3E /* QuizViewController.swift */; };
		6EABAE9E1FADEE9300B08F3E /* QuizViewController.storyboard in Resources */ = {isa = PBXBuildFile; fileRef = 6EABAE9D1FADEE9300B08F3E /* QuizViewController.storyboard */; };
		6EABAEA11FADEEBC00B08F3E /* AnswerViewController.swift in Sources */ = {isa = PBXBuildFile; fileRef = 6EABAEA01FADEEBC00B08F3E /* AnswerViewController.swift */; };
		6EABAEA41FADEECD00B08F3E /* AnswerViewController.storyboard in Resources */ = {isa = PBXBuildFile; fileRef = 6EABAEA31FADEECD00B08F3E /* AnswerViewController.storyboard */; };
		6EABAEA81FADEFA700B08F3E /* ResultViewController.storyboard in Resources */ = {isa = PBXBuildFile; fileRef = 6EABAEA71FADEFA700B08F3E /* ResultViewController.storyboard */; };
		6EABAEAA1FADEFAF00B08F3E /* ResultViewController.swift in Sources */ = {isa = PBXBuildFile; fileRef = 6EABAEA91FADEFAF00B08F3E /* ResultViewController.swift */; };
		6EABAEAC1FADEFBA00B08F3E /* ProfileViewController.swift in Sources */ = {isa = PBXBuildFile; fileRef = 6EABAEAB1FADEFBA00B08F3E /* ProfileViewController.swift */; };
		6EABAEAF1FADEFC600B08F3E /* ProfileViewController.storyboard in Resources */ = {isa = PBXBuildFile; fileRef = 6EABAEAE1FADEFC600B08F3E /* ProfileViewController.storyboard */; };
		8B9488C07F00FA50AEDDF066 /* Pods_fresh.framework in Frameworks */ = {isa = PBXBuildFile; fileRef = 09C27BF80E3658492E920AFE /* Pods_fresh.framework */; };
		A4E8BE526C275688EECA56BA /* Pods_freshTests.framework in Frameworks */ = {isa = PBXBuildFile; fileRef = C38D0942EF9CC55D5409337C /* Pods_freshTests.framework */; };
/* End PBXBuildFile section */

/* Begin PBXContainerItemProxy section */
		6E975E9F1FAD863C0009F1F3 /* PBXContainerItemProxy */ = {
			isa = PBXContainerItemProxy;
			containerPortal = 6E975E821FAD863C0009F1F3 /* Project object */;
			proxyType = 1;
			remoteGlobalIDString = 6E975E891FAD863C0009F1F3;
			remoteInfo = fresh;
		};
		6E975EAA1FAD863C0009F1F3 /* PBXContainerItemProxy */ = {
			isa = PBXContainerItemProxy;
			containerPortal = 6E975E821FAD863C0009F1F3 /* Project object */;
			proxyType = 1;
			remoteGlobalIDString = 6E975E891FAD863C0009F1F3;
			remoteInfo = fresh;
		};
/* End PBXContainerItemProxy section */

/* Begin PBXFileReference section */
		09C27BF80E3658492E920AFE /* Pods_fresh.framework */ = {isa = PBXFileReference; explicitFileType = wrapper.framework; includeInIndex = 0; path = Pods_fresh.framework; sourceTree = BUILT_PRODUCTS_DIR; };
		2E347E761FADB84200907633 /* Secret.swift */ = {isa = PBXFileReference; fileEncoding = 4; lastKnownFileType = sourcecode.swift; path = Secret.swift; sourceTree = "<group>"; };
		2E347E7A1FADD8F200907633 /* API.swift */ = {isa = PBXFileReference; lastKnownFileType = sourcecode.swift; path = API.swift; sourceTree = "<group>"; };
		2E347E7C1FADD9D600907633 /* CitiesRequest.swift */ = {isa = PBXFileReference; lastKnownFileType = sourcecode.swift; path = CitiesRequest.swift; sourceTree = "<group>"; };
		2E347E7E1FADDAB700907633 /* FreshAPI.swift */ = {isa = PBXFileReference; lastKnownFileType = sourcecode.swift; path = FreshAPI.swift; sourceTree = "<group>"; };
		2E347E801FADDCBB00907633 /* FreshAPIConfiguration.swift */ = {isa = PBXFileReference; lastKnownFileType = sourcecode.swift; path = FreshAPIConfiguration.swift; sourceTree = "<group>"; };
		2E347E821FADEB4700907633 /* PopulationCompositionRequest.swift */ = {isa = PBXFileReference; lastKnownFileType = sourcecode.swift; path = PopulationCompositionRequest.swift; sourceTree = "<group>"; };
		2E347E841FADEECF00907633 /* PopulationCompositionEntity.swift */ = {isa = PBXFileReference; lastKnownFileType = sourcecode.swift; path = PopulationCompositionEntity.swift; sourceTree = "<group>"; };
		2E347E881FADF4EB00907633 /* APIResult.swift */ = {isa = PBXFileReference; lastKnownFileType = sourcecode.swift; path = APIResult.swift; sourceTree = "<group>"; };
		2E347E8A1FADF9F200907633 /* APIRepository.swift */ = {isa = PBXFileReference; lastKnownFileType = sourcecode.swift; path = APIRepository.swift; sourceTree = "<group>"; };
		2E347E8C1FAE0DFB00907633 /* IndustryPowerForIndustryRequest.swift */ = {isa = PBXFileReference; lastKnownFileType = sourcecode.swift; path = IndustryPowerForIndustryRequest.swift; sourceTree = "<group>"; };
		2E347E8E1FAE0EC100907633 /* IndustryPowerForIndustryEntity.swift */ = {isa = PBXFileReference; lastKnownFileType = sourcecode.swift; path = IndustryPowerForIndustryEntity.swift; sourceTree = "<group>"; };
		2E347E901FAE175500907633 /* MunicipalityFoundationRequest.swift */ = {isa = PBXFileReference; lastKnownFileType = sourcecode.swift; path = MunicipalityFoundationRequest.swift; sourceTree = "<group>"; };
		2E347E921FAE17FC00907633 /* MunicipalityFoundationEntity.swift */ = {isa = PBXFileReference; lastKnownFileType = sourcecode.swift; path = MunicipalityFoundationEntity.swift; sourceTree = "<group>"; };
		2E347E941FAE1BB700907633 /* TourismForeignersForFromRequest.swift */ = {isa = PBXFileReference; lastKnownFileType = sourcecode.swift; path = TourismForeignersForFromRequest.swift; sourceTree = "<group>"; };
		2E347E961FAE1C7500907633 /* TourismForeignersForFromEntity.swift */ = {isa = PBXFileReference; lastKnownFileType = sourcecode.swift; path = TourismForeignersForFromEntity.swift; sourceTree = "<group>"; };
		2E557FF81FAE417600B0F019 /* PartnerDocomoDestinationRequest.swift */ = {isa = PBXFileReference; lastKnownFileType = sourcecode.swift; path = PartnerDocomoDestinationRequest.swift; sourceTree = "<group>"; };
		2E557FFA1FAE430100B0F019 /* PartnerDocomoDestinationEntity.swift */ = {isa = PBXFileReference; lastKnownFileType = sourcecode.swift; path = PartnerDocomoDestinationEntity.swift; sourceTree = "<group>"; };
		34F4CC94B1FF5F4904093E0F /* Pods-freshUITests.debug.xcconfig */ = {isa = PBXFileReference; includeInIndex = 1; lastKnownFileType = text.xcconfig; name = "Pods-freshUITests.debug.xcconfig"; path = "Pods/Target Support Files/Pods-freshUITests/Pods-freshUITests.debug.xcconfig"; sourceTree = "<group>"; };
		5847A2480DC31544AF83807B /* Pods-freshTests.debug.xcconfig */ = {isa = PBXFileReference; includeInIndex = 1; lastKnownFileType = text.xcconfig; name = "Pods-freshTests.debug.xcconfig"; path = "Pods/Target Support Files/Pods-freshTests/Pods-freshTests.debug.xcconfig"; sourceTree = "<group>"; };
		6A08BCA0193B20874D9D4888 /* Pods-freshTests.release.xcconfig */ = {isa = PBXFileReference; includeInIndex = 1; lastKnownFileType = text.xcconfig; name = "Pods-freshTests.release.xcconfig"; path = "Pods/Target Support Files/Pods-freshTests/Pods-freshTests.release.xcconfig"; sourceTree = "<group>"; };
		6E3DFB2A1FAE0E46004D4A13 /* Quiz.swift */ = {isa = PBXFileReference; lastKnownFileType = sourcecode.swift; path = Quiz.swift; sourceTree = "<group>"; };
		6E3DFB2C1FAE10C0004D4A13 /* QuizRepository.swift */ = {isa = PBXFileReference; lastKnownFileType = sourcecode.swift; path = QuizRepository.swift; sourceTree = "<group>"; };
		6E3DFB2E1FAE12A4004D4A13 /* quiz.json */ = {isa = PBXFileReference; lastKnownFileType = text.json; path = quiz.json; sourceTree = "<group>"; };
		6E975E8A1FAD863C0009F1F3 /* fresh.app */ = {isa = PBXFileReference; explicitFileType = wrapper.application; includeInIndex = 0; path = fresh.app; sourceTree = BUILT_PRODUCTS_DIR; };
		6E975E8D1FAD863C0009F1F3 /* AppDelegate.swift */ = {isa = PBXFileReference; lastKnownFileType = sourcecode.swift; path = AppDelegate.swift; sourceTree = "<group>"; };
		6E975E921FAD863C0009F1F3 /* Base */ = {isa = PBXFileReference; lastKnownFileType = file.storyboard; name = Base; path = Base.lproj/RootController.storyboard; sourceTree = "<group>"; };
		6E975E941FAD863C0009F1F3 /* Assets.xcassets */ = {isa = PBXFileReference; lastKnownFileType = folder.assetcatalog; path = Assets.xcassets; sourceTree = "<group>"; };
		6E975E971FAD863C0009F1F3 /* Base */ = {isa = PBXFileReference; lastKnownFileType = file.storyboard; name = Base; path = Base.lproj/LaunchScreen.storyboard; sourceTree = "<group>"; };
		6E975E991FAD863C0009F1F3 /* Info.plist */ = {isa = PBXFileReference; lastKnownFileType = text.plist.xml; path = Info.plist; sourceTree = "<group>"; };
		6E975E9E1FAD863C0009F1F3 /* freshTests.xctest */ = {isa = PBXFileReference; explicitFileType = wrapper.cfbundle; includeInIndex = 0; path = freshTests.xctest; sourceTree = BUILT_PRODUCTS_DIR; };
		6E975EA21FAD863C0009F1F3 /* freshTests.swift */ = {isa = PBXFileReference; lastKnownFileType = sourcecode.swift; path = freshTests.swift; sourceTree = "<group>"; };
		6E975EA41FAD863C0009F1F3 /* Info.plist */ = {isa = PBXFileReference; lastKnownFileType = text.plist.xml; path = Info.plist; sourceTree = "<group>"; };
		6E975EA91FAD863C0009F1F3 /* freshUITests.xctest */ = {isa = PBXFileReference; explicitFileType = wrapper.cfbundle; includeInIndex = 0; path = freshUITests.xctest; sourceTree = BUILT_PRODUCTS_DIR; };
		6E975EAD1FAD863C0009F1F3 /* freshUITests.swift */ = {isa = PBXFileReference; lastKnownFileType = sourcecode.swift; path = freshUITests.swift; sourceTree = "<group>"; };
		6E975EAF1FAD863C0009F1F3 /* Info.plist */ = {isa = PBXFileReference; lastKnownFileType = text.plist.xml; path = Info.plist; sourceTree = "<group>"; };
		6E975EBC1FAD8BAA0009F1F3 /* RootController.swift */ = {isa = PBXFileReference; lastKnownFileType = sourcecode.swift; path = RootController.swift; sourceTree = "<group>"; };
		6E975EC11FAD8C200009F1F3 /* QuizTopViewController.swift */ = {isa = PBXFileReference; lastKnownFileType = sourcecode.swift; path = QuizTopViewController.swift; sourceTree = "<group>"; };
		6E975EC31FAD8C320009F1F3 /* QuizTopViewController.storyboard */ = {isa = PBXFileReference; lastKnownFileType = file.storyboard; path = QuizTopViewController.storyboard; sourceTree = "<group>"; };
		6E975EC61FAD8ED30009F1F3 /* ProfileTopViewController.storyboard */ = {isa = PBXFileReference; lastKnownFileType = file.storyboard; path = ProfileTopViewController.storyboard; sourceTree = "<group>"; };
		6E975EC81FAD8EE00009F1F3 /* ProfileTopViewController.swift */ = {isa = PBXFileReference; lastKnownFileType = sourcecode.swift; path = ProfileTopViewController.swift; sourceTree = "<group>"; };
		6E975ECB1FAD94080009F1F3 /* CityRepository.swift */ = {isa = PBXFileReference; lastKnownFileType = sourcecode.swift; path = CityRepository.swift; sourceTree = "<group>"; };
		6E975ECE1FAD94AC0009F1F3 /* CityDataStore.swift */ = {isa = PBXFileReference; lastKnownFileType = sourcecode.swift; path = CityDataStore.swift; sourceTree = "<group>"; };
		6E975ED01FAD95E70009F1F3 /* iwate.json */ = {isa = PBXFileReference; lastKnownFileType = text.json; path = iwate.json; sourceTree = "<group>"; };
		6EABAE841FADA6DB00B08F3E /* City.swift */ = {isa = PBXFileReference; lastKnownFileType = sourcecode.swift; path = City.swift; sourceTree = "<group>"; };
		6EABAE8A1FADB25000B08F3E /* GenreViewController.swift */ = {isa = PBXFileReference; lastKnownFileType = sourcecode.swift; path = GenreViewController.swift; sourceTree = "<group>"; };
		6EABAE8C1FADB26000B08F3E /* GenreViewController.storyboard */ = {isa = PBXFileReference; lastKnownFileType = file.storyboard; path = GenreViewController.storyboard; sourceTree = "<group>"; };
		6EABAE8F1FADB94600B08F3E /* GenreCollectionViewCell.swift */ = {isa = PBXFileReference; lastKnownFileType = sourcecode.swift; path = GenreCollectionViewCell.swift; sourceTree = "<group>"; };
		6EABAE911FADD9BA00B08F3E /* GenreRepository.swift */ = {isa = PBXFileReference; lastKnownFileType = sourcecode.swift; path = GenreRepository.swift; sourceTree = "<group>"; };
		6EABAE931FADD9EA00B08F3E /* Genre.swift */ = {isa = PBXFileReference; lastKnownFileType = sourcecode.swift; path = Genre.swift; sourceTree = "<group>"; };
		6EABAE961FADDAAB00B08F3E /* Utility.swift */ = {isa = PBXFileReference; lastKnownFileType = sourcecode.swift; path = Utility.swift; sourceTree = "<group>"; };
		6EABAE981FADDB2700B08F3E /* genre.json */ = {isa = PBXFileReference; lastKnownFileType = text.json; path = genre.json; sourceTree = "<group>"; };
		6EABAE9B1FADEE8500B08F3E /* QuizViewController.swift */ = {isa = PBXFileReference; lastKnownFileType = sourcecode.swift; path = QuizViewController.swift; sourceTree = "<group>"; };
		6EABAE9D1FADEE9300B08F3E /* QuizViewController.storyboard */ = {isa = PBXFileReference; lastKnownFileType = file.storyboard; path = QuizViewController.storyboard; sourceTree = "<group>"; };
		6EABAEA01FADEEBC00B08F3E /* AnswerViewController.swift */ = {isa = PBXFileReference; lastKnownFileType = sourcecode.swift; path = AnswerViewController.swift; sourceTree = "<group>"; };
		6EABAEA31FADEECD00B08F3E /* AnswerViewController.storyboard */ = {isa = PBXFileReference; lastKnownFileType = file.storyboard; path = AnswerViewController.storyboard; sourceTree = "<group>"; };
		6EABAEA71FADEFA700B08F3E /* ResultViewController.storyboard */ = {isa = PBXFileReference; lastKnownFileType = file.storyboard; path = ResultViewController.storyboard; sourceTree = "<group>"; };
		6EABAEA91FADEFAF00B08F3E /* ResultViewController.swift */ = {isa = PBXFileReference; lastKnownFileType = sourcecode.swift; path = ResultViewController.swift; sourceTree = "<group>"; };
		6EABAEAB1FADEFBA00B08F3E /* ProfileViewController.swift */ = {isa = PBXFileReference; lastKnownFileType = sourcecode.swift; path = ProfileViewController.swift; sourceTree = "<group>"; };
		6EABAEAE1FADEFC600B08F3E /* ProfileViewController.storyboard */ = {isa = PBXFileReference; lastKnownFileType = file.storyboard; path = ProfileViewController.storyboard; sourceTree = "<group>"; };
		9405081321D45A6BE03A62E6 /* Pods-fresh.debug.xcconfig */ = {isa = PBXFileReference; includeInIndex = 1; lastKnownFileType = text.xcconfig; name = "Pods-fresh.debug.xcconfig"; path = "Pods/Target Support Files/Pods-fresh/Pods-fresh.debug.xcconfig"; sourceTree = "<group>"; };
		AB2412E92778A14C5B2E1B74 /* Pods-freshUITests.release.xcconfig */ = {isa = PBXFileReference; includeInIndex = 1; lastKnownFileType = text.xcconfig; name = "Pods-freshUITests.release.xcconfig"; path = "Pods/Target Support Files/Pods-freshUITests/Pods-freshUITests.release.xcconfig"; sourceTree = "<group>"; };
		BFDE5B06F58B88EE7E2A6810 /* Pods-fresh.release.xcconfig */ = {isa = PBXFileReference; includeInIndex = 1; lastKnownFileType = text.xcconfig; name = "Pods-fresh.release.xcconfig"; path = "Pods/Target Support Files/Pods-fresh/Pods-fresh.release.xcconfig"; sourceTree = "<group>"; };
		C38D0942EF9CC55D5409337C /* Pods_freshTests.framework */ = {isa = PBXFileReference; explicitFileType = wrapper.framework; includeInIndex = 0; path = Pods_freshTests.framework; sourceTree = BUILT_PRODUCTS_DIR; };
		D27B932D5D9B20C53E0A6DDC /* Pods_freshUITests.framework */ = {isa = PBXFileReference; explicitFileType = wrapper.framework; includeInIndex = 0; path = Pods_freshUITests.framework; sourceTree = BUILT_PRODUCTS_DIR; };
/* End PBXFileReference section */

/* Begin PBXFrameworksBuildPhase section */
		6E975E871FAD863C0009F1F3 /* Frameworks */ = {
			isa = PBXFrameworksBuildPhase;
			buildActionMask = 2147483647;
			files = (
				8B9488C07F00FA50AEDDF066 /* Pods_fresh.framework in Frameworks */,
			);
			runOnlyForDeploymentPostprocessing = 0;
		};
		6E975E9B1FAD863C0009F1F3 /* Frameworks */ = {
			isa = PBXFrameworksBuildPhase;
			buildActionMask = 2147483647;
			files = (
				A4E8BE526C275688EECA56BA /* Pods_freshTests.framework in Frameworks */,
			);
			runOnlyForDeploymentPostprocessing = 0;
		};
		6E975EA61FAD863C0009F1F3 /* Frameworks */ = {
			isa = PBXFrameworksBuildPhase;
			buildActionMask = 2147483647;
			files = (
				3457C5408C78B4EC1693D14A /* Pods_freshUITests.framework in Frameworks */,
			);
			runOnlyForDeploymentPostprocessing = 0;
		};
/* End PBXFrameworksBuildPhase section */

/* Begin PBXGroup section */
		2E347E781FADD88200907633 /* Network */ = {
			isa = PBXGroup;
			children = (
				2E347E791FADD8A400907633 /* Requset */,
				2E347E7A1FADD8F200907633 /* API.swift */,
				2E347E7E1FADDAB700907633 /* FreshAPI.swift */,
				2E347E801FADDCBB00907633 /* FreshAPIConfiguration.swift */,
			);
			path = Network;
			sourceTree = "<group>";
		};
		2E347E791FADD8A400907633 /* Requset */ = {
			isa = PBXGroup;
			children = (
				2E347E7C1FADD9D600907633 /* CitiesRequest.swift */,
				2E347E821FADEB4700907633 /* PopulationCompositionRequest.swift */,
				2E347E901FAE175500907633 /* MunicipalityFoundationRequest.swift */,
				2E347E8C1FAE0DFB00907633 /* IndustryPowerForIndustryRequest.swift */,
				2E347E941FAE1BB700907633 /* TourismForeignersForFromRequest.swift */,
				2E557FF81FAE417600B0F019 /* PartnerDocomoDestinationRequest.swift */,
			);
			path = Requset;
			sourceTree = "<group>";
		};
		44F621CF76466EC38B41EE1C /* Pods */ = {
			isa = PBXGroup;
			children = (
				9405081321D45A6BE03A62E6 /* Pods-fresh.debug.xcconfig */,
				BFDE5B06F58B88EE7E2A6810 /* Pods-fresh.release.xcconfig */,
				5847A2480DC31544AF83807B /* Pods-freshTests.debug.xcconfig */,
				6A08BCA0193B20874D9D4888 /* Pods-freshTests.release.xcconfig */,
				34F4CC94B1FF5F4904093E0F /* Pods-freshUITests.debug.xcconfig */,
				AB2412E92778A14C5B2E1B74 /* Pods-freshUITests.release.xcconfig */,
			);
			name = Pods;
			sourceTree = "<group>";
		};
		6E975E811FAD863C0009F1F3 = {
			isa = PBXGroup;
			children = (
				6E975E8C1FAD863C0009F1F3 /* fresh */,
				6E975EA11FAD863C0009F1F3 /* freshTests */,
				6E975EAC1FAD863C0009F1F3 /* freshUITests */,
				6E975E8B1FAD863C0009F1F3 /* Products */,
				44F621CF76466EC38B41EE1C /* Pods */,
				9BBA9503B5E3F72D9616022C /* Frameworks */,
			);
			sourceTree = "<group>";
		};
		6E975E8B1FAD863C0009F1F3 /* Products */ = {
			isa = PBXGroup;
			children = (
				6E975E8A1FAD863C0009F1F3 /* fresh.app */,
				6E975E9E1FAD863C0009F1F3 /* freshTests.xctest */,
				6E975EA91FAD863C0009F1F3 /* freshUITests.xctest */,
			);
			name = Products;
			sourceTree = "<group>";
		};
		6E975E8C1FAD863C0009F1F3 /* fresh */ = {
			isa = PBXGroup;
			children = (
				6EABAE951FADDA9D00B08F3E /* Utility */,
				2E347E761FADB84200907633 /* Secret.swift */,
				6EABAE861FADA6E100B08F3E /* Data */,
				6E975EBB1FAD87420009F1F3 /* ViewController */,
				6EABAE8E1FADB8F700B08F3E /* Cell */,
				6E975E8D1FAD863C0009F1F3 /* AppDelegate.swift */,
				6E975E941FAD863C0009F1F3 /* Assets.xcassets */,
				6E975E961FAD863C0009F1F3 /* LaunchScreen.storyboard */,
				6E975E991FAD863C0009F1F3 /* Info.plist */,
			);
			path = fresh;
			sourceTree = "<group>";
		};
		6E975EA11FAD863C0009F1F3 /* freshTests */ = {
			isa = PBXGroup;
			children = (
				6E975EA21FAD863C0009F1F3 /* freshTests.swift */,
				6E975EA41FAD863C0009F1F3 /* Info.plist */,
			);
			path = freshTests;
			sourceTree = "<group>";
		};
		6E975EAC1FAD863C0009F1F3 /* freshUITests */ = {
			isa = PBXGroup;
			children = (
				6E975EAD1FAD863C0009F1F3 /* freshUITests.swift */,
				6E975EAF1FAD863C0009F1F3 /* Info.plist */,
			);
			path = freshUITests;
			sourceTree = "<group>";
		};
		6E975EBB1FAD87420009F1F3 /* ViewController */ = {
			isa = PBXGroup;
			children = (
				6EABAEA61FADEF9900B08F3E /* Profile */,
				6EABAEA51FADEF8900B08F3E /* Result */,
				6EABAE9F1FADEEA800B08F3E /* Answer */,
				6EABAE9A1FADED5400B08F3E /* Quiz */,
				6EABAE881FADB23600B08F3E /* Genre */,
				6E975EC51FAD8EBE0009F1F3 /* ProfileTopViewController */,
				6E975EC01FAD8BF60009F1F3 /* QuizTopViewController */,
				6E975EBE1FAD8BE70009F1F3 /* Root */,
			);
			path = ViewController;
			sourceTree = "<group>";
		};
		6E975EBE1FAD8BE70009F1F3 /* Root */ = {
			isa = PBXGroup;
			children = (
				6E975E911FAD863C0009F1F3 /* RootController.storyboard */,
				6E975EBC1FAD8BAA0009F1F3 /* RootController.swift */,
			);
			path = Root;
			sourceTree = "<group>";
		};
		6E975EC01FAD8BF60009F1F3 /* QuizTopViewController */ = {
			isa = PBXGroup;
			children = (
				6E975EC11FAD8C200009F1F3 /* QuizTopViewController.swift */,
				6E975EC31FAD8C320009F1F3 /* QuizTopViewController.storyboard */,
			);
			path = QuizTopViewController;
			sourceTree = "<group>";
		};
		6E975EC51FAD8EBE0009F1F3 /* ProfileTopViewController */ = {
			isa = PBXGroup;
			children = (
				6E975EC61FAD8ED30009F1F3 /* ProfileTopViewController.storyboard */,
				6E975EC81FAD8EE00009F1F3 /* ProfileTopViewController.swift */,
			);
			path = ProfileTopViewController;
			sourceTree = "<group>";
		};
		6E975ECA1FAD93B20009F1F3 /* Repository */ = {
			isa = PBXGroup;
			children = (
				6E975ECB1FAD94080009F1F3 /* CityRepository.swift */,
				2E347E8A1FADF9F200907633 /* APIRepository.swift */,
				6EABAE911FADD9BA00B08F3E /* GenreRepository.swift */,
				6E3DFB2C1FAE10C0004D4A13 /* QuizRepository.swift */,
			);
			path = Repository;
			sourceTree = "<group>";
		};
		6E975ECD1FAD949D0009F1F3 /* DataStore */ = {
			isa = PBXGroup;
			children = (
				6E975ECE1FAD94AC0009F1F3 /* CityDataStore.swift */,
				6E975ED01FAD95E70009F1F3 /* iwate.json */,
				6EABAE981FADDB2700B08F3E /* genre.json */,
				6E3DFB2E1FAE12A4004D4A13 /* quiz.json */,
			);
			path = DataStore;
			sourceTree = "<group>";
		};
		6EABAE861FADA6E100B08F3E /* Data */ = {
			isa = PBXGroup;
			children = (
				2E347E781FADD88200907633 /* Network */,
				6EABAE871FADA6ED00B08F3E /* Entity */,
				6E975ECA1FAD93B20009F1F3 /* Repository */,
				6E975ECD1FAD949D0009F1F3 /* DataStore */,
			);
			path = Data;
			sourceTree = "<group>";
		};
		6EABAE871FADA6ED00B08F3E /* Entity */ = {
			isa = PBXGroup;
			children = (
				6EABAE841FADA6DB00B08F3E /* City.swift */,
				2E347E841FADEECF00907633 /* PopulationCompositionEntity.swift */,
				2E347E881FADF4EB00907633 /* APIResult.swift */,
				6EABAE931FADD9EA00B08F3E /* Genre.swift */,
				6E3DFB2A1FAE0E46004D4A13 /* Quiz.swift */,
				2E347E921FAE17FC00907633 /* MunicipalityFoundationEntity.swift */,
				2E347E8E1FAE0EC100907633 /* IndustryPowerForIndustryEntity.swift */,
				2E347E961FAE1C7500907633 /* TourismForeignersForFromEntity.swift */,
				2E557FFA1FAE430100B0F019 /* PartnerDocomoDestinationEntity.swift */,
			);
			path = Entity;
			sourceTree = "<group>";
		};
		6EABAE881FADB23600B08F3E /* Genre */ = {
			isa = PBXGroup;
			children = (
				6EABAE8A1FADB25000B08F3E /* GenreViewController.swift */,
				6EABAE8C1FADB26000B08F3E /* GenreViewController.storyboard */,
			);
			path = Genre;
			sourceTree = "<group>";
		};
		6EABAE8E1FADB8F700B08F3E /* Cell */ = {
			isa = PBXGroup;
			children = (
				6EABAE8F1FADB94600B08F3E /* GenreCollectionViewCell.swift */,
			);
			path = Cell;
			sourceTree = "<group>";
		};
		6EABAE951FADDA9D00B08F3E /* Utility */ = {
			isa = PBXGroup;
			children = (
				6EABAE961FADDAAB00B08F3E /* Utility.swift */,
			);
			path = Utility;
			sourceTree = "<group>";
		};
		6EABAE9A1FADED5400B08F3E /* Quiz */ = {
			isa = PBXGroup;
			children = (
				6EABAE9B1FADEE8500B08F3E /* QuizViewController.swift */,
				6EABAE9D1FADEE9300B08F3E /* QuizViewController.storyboard */,
			);
			path = Quiz;
			sourceTree = "<group>";
		};
		6EABAE9F1FADEEA800B08F3E /* Answer */ = {
			isa = PBXGroup;
			children = (
				6EABAEA01FADEEBC00B08F3E /* AnswerViewController.swift */,
				6EABAEA31FADEECD00B08F3E /* AnswerViewController.storyboard */,
			);
			path = Answer;
			sourceTree = "<group>";
		};
		6EABAEA51FADEF8900B08F3E /* Result */ = {
			isa = PBXGroup;
			children = (
				6EABAEA71FADEFA700B08F3E /* ResultViewController.storyboard */,
				6EABAEA91FADEFAF00B08F3E /* ResultViewController.swift */,
			);
			path = Result;
			sourceTree = "<group>";
		};
		6EABAEA61FADEF9900B08F3E /* Profile */ = {
			isa = PBXGroup;
			children = (
				6EABAEAB1FADEFBA00B08F3E /* ProfileViewController.swift */,
				6EABAEAE1FADEFC600B08F3E /* ProfileViewController.storyboard */,
			);
			path = Profile;
			sourceTree = "<group>";
		};
		9BBA9503B5E3F72D9616022C /* Frameworks */ = {
			isa = PBXGroup;
			children = (
				09C27BF80E3658492E920AFE /* Pods_fresh.framework */,
				C38D0942EF9CC55D5409337C /* Pods_freshTests.framework */,
				D27B932D5D9B20C53E0A6DDC /* Pods_freshUITests.framework */,
			);
			name = Frameworks;
			sourceTree = "<group>";
		};
/* End PBXGroup section */

/* Begin PBXNativeTarget section */
		6E975E891FAD863C0009F1F3 /* fresh */ = {
			isa = PBXNativeTarget;
			buildConfigurationList = 6E975EB21FAD863C0009F1F3 /* Build configuration list for PBXNativeTarget "fresh" */;
			buildPhases = (
				E8EACF03538B03BC3F58FE1E /* [CP] Check Pods Manifest.lock */,
				6E975E861FAD863C0009F1F3 /* Sources */,
				6E975E871FAD863C0009F1F3 /* Frameworks */,
				6E975E881FAD863C0009F1F3 /* Resources */,
				4A282C7951A39D4F4274712E /* [CP] Embed Pods Frameworks */,
				62AE244C0CF6BF41CB23A41B /* [CP] Copy Pods Resources */,
			);
			buildRules = (
			);
			dependencies = (
			);
			name = fresh;
			productName = fresh;
			productReference = 6E975E8A1FAD863C0009F1F3 /* fresh.app */;
			productType = "com.apple.product-type.application";
		};
		6E975E9D1FAD863C0009F1F3 /* freshTests */ = {
			isa = PBXNativeTarget;
			buildConfigurationList = 6E975EB51FAD863C0009F1F3 /* Build configuration list for PBXNativeTarget "freshTests" */;
			buildPhases = (
				147F51115095EBE51A6711B7 /* [CP] Check Pods Manifest.lock */,
				6E975E9A1FAD863C0009F1F3 /* Sources */,
				6E975E9B1FAD863C0009F1F3 /* Frameworks */,
				6E975E9C1FAD863C0009F1F3 /* Resources */,
				26EBE451F17226F50C8372DA /* [CP] Embed Pods Frameworks */,
				4C3E74A873C161734D05BCE5 /* [CP] Copy Pods Resources */,
			);
			buildRules = (
			);
			dependencies = (
				6E975EA01FAD863C0009F1F3 /* PBXTargetDependency */,
			);
			name = freshTests;
			productName = freshTests;
			productReference = 6E975E9E1FAD863C0009F1F3 /* freshTests.xctest */;
			productType = "com.apple.product-type.bundle.unit-test";
		};
		6E975EA81FAD863C0009F1F3 /* freshUITests */ = {
			isa = PBXNativeTarget;
			buildConfigurationList = 6E975EB81FAD863C0009F1F3 /* Build configuration list for PBXNativeTarget "freshUITests" */;
			buildPhases = (
				7AE16D82EA77C37D4E4BC2AA /* [CP] Check Pods Manifest.lock */,
				6E975EA51FAD863C0009F1F3 /* Sources */,
				6E975EA61FAD863C0009F1F3 /* Frameworks */,
				6E975EA71FAD863C0009F1F3 /* Resources */,
				84B48D2155F2C7BA64AECFDF /* [CP] Embed Pods Frameworks */,
				0BEA2F34F2574A769F779D66 /* [CP] Copy Pods Resources */,
			);
			buildRules = (
			);
			dependencies = (
				6E975EAB1FAD863C0009F1F3 /* PBXTargetDependency */,
			);
			name = freshUITests;
			productName = freshUITests;
			productReference = 6E975EA91FAD863C0009F1F3 /* freshUITests.xctest */;
			productType = "com.apple.product-type.bundle.ui-testing";
		};
/* End PBXNativeTarget section */

/* Begin PBXProject section */
		6E975E821FAD863C0009F1F3 /* Project object */ = {
			isa = PBXProject;
			attributes = {
				LastSwiftUpdateCheck = 0900;
				LastUpgradeCheck = 0900;
				ORGANIZATIONNAME = kazu;
				TargetAttributes = {
					6E975E891FAD863C0009F1F3 = {
						CreatedOnToolsVersion = 9.0;
						ProvisioningStyle = Automatic;
					};
					6E975E9D1FAD863C0009F1F3 = {
						CreatedOnToolsVersion = 9.0;
						ProvisioningStyle = Automatic;
						TestTargetID = 6E975E891FAD863C0009F1F3;
					};
					6E975EA81FAD863C0009F1F3 = {
						CreatedOnToolsVersion = 9.0;
						ProvisioningStyle = Automatic;
						TestTargetID = 6E975E891FAD863C0009F1F3;
					};
				};
			};
			buildConfigurationList = 6E975E851FAD863C0009F1F3 /* Build configuration list for PBXProject "fresh" */;
			compatibilityVersion = "Xcode 8.0";
			developmentRegion = en;
			hasScannedForEncodings = 0;
			knownRegions = (
				en,
				Base,
			);
			mainGroup = 6E975E811FAD863C0009F1F3;
			productRefGroup = 6E975E8B1FAD863C0009F1F3 /* Products */;
			projectDirPath = "";
			projectRoot = "";
			targets = (
				6E975E891FAD863C0009F1F3 /* fresh */,
				6E975E9D1FAD863C0009F1F3 /* freshTests */,
				6E975EA81FAD863C0009F1F3 /* freshUITests */,
			);
		};
/* End PBXProject section */

/* Begin PBXResourcesBuildPhase section */
		6E975E881FAD863C0009F1F3 /* Resources */ = {
			isa = PBXResourcesBuildPhase;
			buildActionMask = 2147483647;
			files = (
				6EABAEAF1FADEFC600B08F3E /* ProfileViewController.storyboard in Resources */,
				6E975EC41FAD8C320009F1F3 /* QuizTopViewController.storyboard in Resources */,
				6E975E981FAD863C0009F1F3 /* LaunchScreen.storyboard in Resources */,
				6E975ED11FAD95E70009F1F3 /* iwate.json in Resources */,
				6EABAEA81FADEFA700B08F3E /* ResultViewController.storyboard in Resources */,
				6EABAEA41FADEECD00B08F3E /* AnswerViewController.storyboard in Resources */,
				6EABAE991FADDB2700B08F3E /* genre.json in Resources */,
				6EABAE9E1FADEE9300B08F3E /* QuizViewController.storyboard in Resources */,
				6EABAE8D1FADB26000B08F3E /* GenreViewController.storyboard in Resources */,
				6E975E951FAD863C0009F1F3 /* Assets.xcassets in Resources */,
				6E3DFB2F1FAE12A4004D4A13 /* quiz.json in Resources */,
				6E975E931FAD863C0009F1F3 /* RootController.storyboard in Resources */,
				6E975EC71FAD8ED30009F1F3 /* ProfileTopViewController.storyboard in Resources */,
			);
			runOnlyForDeploymentPostprocessing = 0;
		};
		6E975E9C1FAD863C0009F1F3 /* Resources */ = {
			isa = PBXResourcesBuildPhase;
			buildActionMask = 2147483647;
			files = (
			);
			runOnlyForDeploymentPostprocessing = 0;
		};
		6E975EA71FAD863C0009F1F3 /* Resources */ = {
			isa = PBXResourcesBuildPhase;
			buildActionMask = 2147483647;
			files = (
			);
			runOnlyForDeploymentPostprocessing = 0;
		};
/* End PBXResourcesBuildPhase section */

/* Begin PBXShellScriptBuildPhase section */
		0BEA2F34F2574A769F779D66 /* [CP] Copy Pods Resources */ = {
			isa = PBXShellScriptBuildPhase;
			buildActionMask = 2147483647;
			files = (
			);
			inputPaths = (
			);
			name = "[CP] Copy Pods Resources";
			outputPaths = (
			);
			runOnlyForDeploymentPostprocessing = 0;
			shellPath = /bin/sh;
			shellScript = "\"${SRCROOT}/Pods/Target Support Files/Pods-freshUITests/Pods-freshUITests-resources.sh\"\n";
			showEnvVarsInLog = 0;
		};
		147F51115095EBE51A6711B7 /* [CP] Check Pods Manifest.lock */ = {
			isa = PBXShellScriptBuildPhase;
			buildActionMask = 2147483647;
			files = (
			);
			inputPaths = (
				"${PODS_PODFILE_DIR_PATH}/Podfile.lock",
				"${PODS_ROOT}/Manifest.lock",
			);
			name = "[CP] Check Pods Manifest.lock";
			outputPaths = (
				"$(DERIVED_FILE_DIR)/Pods-freshTests-checkManifestLockResult.txt",
			);
			runOnlyForDeploymentPostprocessing = 0;
			shellPath = /bin/sh;
			shellScript = "diff \"${PODS_PODFILE_DIR_PATH}/Podfile.lock\" \"${PODS_ROOT}/Manifest.lock\" > /dev/null\nif [ $? != 0 ] ; then\n    # print error to STDERR\n    echo \"error: The sandbox is not in sync with the Podfile.lock. Run 'pod install' or update your CocoaPods installation.\" >&2\n    exit 1\nfi\n# This output is used by Xcode 'outputs' to avoid re-running this script phase.\necho \"SUCCESS\" > \"${SCRIPT_OUTPUT_FILE_0}\"\n";
			showEnvVarsInLog = 0;
		};
		26EBE451F17226F50C8372DA /* [CP] Embed Pods Frameworks */ = {
			isa = PBXShellScriptBuildPhase;
			buildActionMask = 2147483647;
			files = (
			);
			inputPaths = (
			);
			name = "[CP] Embed Pods Frameworks";
			outputPaths = (
			);
			runOnlyForDeploymentPostprocessing = 0;
			shellPath = /bin/sh;
			shellScript = "\"${SRCROOT}/Pods/Target Support Files/Pods-freshTests/Pods-freshTests-frameworks.sh\"\n";
			showEnvVarsInLog = 0;
		};
		4A282C7951A39D4F4274712E /* [CP] Embed Pods Frameworks */ = {
			isa = PBXShellScriptBuildPhase;
			buildActionMask = 2147483647;
			files = (
			);
			inputPaths = (
				"${SRCROOT}/Pods/Target Support Files/Pods-fresh/Pods-fresh-frameworks.sh",
				"${BUILT_PRODUCTS_DIR}/Alamofire/Alamofire.framework",
				"${BUILT_PRODUCTS_DIR}/AlamofireSwiftyJSON/AlamofireSwiftyJSON.framework",
				"${BUILT_PRODUCTS_DIR}/RxCocoa/RxCocoa.framework",
				"${BUILT_PRODUCTS_DIR}/RxSwift/RxSwift.framework",
				"${BUILT_PRODUCTS_DIR}/SwiftyJSON/SwiftyJSON.framework",
				"${BUILT_PRODUCTS_DIR}/Unbox/Unbox.framework",
			);
			name = "[CP] Embed Pods Frameworks";
			outputPaths = (
				"${TARGET_BUILD_DIR}/${FRAMEWORKS_FOLDER_PATH}/Alamofire.framework",
				"${TARGET_BUILD_DIR}/${FRAMEWORKS_FOLDER_PATH}/AlamofireSwiftyJSON.framework",
				"${TARGET_BUILD_DIR}/${FRAMEWORKS_FOLDER_PATH}/RxCocoa.framework",
				"${TARGET_BUILD_DIR}/${FRAMEWORKS_FOLDER_PATH}/RxSwift.framework",
				"${TARGET_BUILD_DIR}/${FRAMEWORKS_FOLDER_PATH}/SwiftyJSON.framework",
				"${TARGET_BUILD_DIR}/${FRAMEWORKS_FOLDER_PATH}/Unbox.framework",
			);
			runOnlyForDeploymentPostprocessing = 0;
			shellPath = /bin/sh;
			shellScript = "\"${SRCROOT}/Pods/Target Support Files/Pods-fresh/Pods-fresh-frameworks.sh\"\n";
			showEnvVarsInLog = 0;
		};
		4C3E74A873C161734D05BCE5 /* [CP] Copy Pods Resources */ = {
			isa = PBXShellScriptBuildPhase;
			buildActionMask = 2147483647;
			files = (
			);
			inputPaths = (
			);
			name = "[CP] Copy Pods Resources";
			outputPaths = (
			);
			runOnlyForDeploymentPostprocessing = 0;
			shellPath = /bin/sh;
			shellScript = "\"${SRCROOT}/Pods/Target Support Files/Pods-freshTests/Pods-freshTests-resources.sh\"\n";
			showEnvVarsInLog = 0;
		};
		62AE244C0CF6BF41CB23A41B /* [CP] Copy Pods Resources */ = {
			isa = PBXShellScriptBuildPhase;
			buildActionMask = 2147483647;
			files = (
			);
			inputPaths = (
			);
			name = "[CP] Copy Pods Resources";
			outputPaths = (
			);
			runOnlyForDeploymentPostprocessing = 0;
			shellPath = /bin/sh;
			shellScript = "\"${SRCROOT}/Pods/Target Support Files/Pods-fresh/Pods-fresh-resources.sh\"\n";
			showEnvVarsInLog = 0;
		};
		7AE16D82EA77C37D4E4BC2AA /* [CP] Check Pods Manifest.lock */ = {
			isa = PBXShellScriptBuildPhase;
			buildActionMask = 2147483647;
			files = (
			);
			inputPaths = (
				"${PODS_PODFILE_DIR_PATH}/Podfile.lock",
				"${PODS_ROOT}/Manifest.lock",
			);
			name = "[CP] Check Pods Manifest.lock";
			outputPaths = (
				"$(DERIVED_FILE_DIR)/Pods-freshUITests-checkManifestLockResult.txt",
			);
			runOnlyForDeploymentPostprocessing = 0;
			shellPath = /bin/sh;
			shellScript = "diff \"${PODS_PODFILE_DIR_PATH}/Podfile.lock\" \"${PODS_ROOT}/Manifest.lock\" > /dev/null\nif [ $? != 0 ] ; then\n    # print error to STDERR\n    echo \"error: The sandbox is not in sync with the Podfile.lock. Run 'pod install' or update your CocoaPods installation.\" >&2\n    exit 1\nfi\n# This output is used by Xcode 'outputs' to avoid re-running this script phase.\necho \"SUCCESS\" > \"${SCRIPT_OUTPUT_FILE_0}\"\n";
			showEnvVarsInLog = 0;
		};
		84B48D2155F2C7BA64AECFDF /* [CP] Embed Pods Frameworks */ = {
			isa = PBXShellScriptBuildPhase;
			buildActionMask = 2147483647;
			files = (
			);
			inputPaths = (
			);
			name = "[CP] Embed Pods Frameworks";
			outputPaths = (
			);
			runOnlyForDeploymentPostprocessing = 0;
			shellPath = /bin/sh;
			shellScript = "\"${SRCROOT}/Pods/Target Support Files/Pods-freshUITests/Pods-freshUITests-frameworks.sh\"\n";
			showEnvVarsInLog = 0;
		};
		E8EACF03538B03BC3F58FE1E /* [CP] Check Pods Manifest.lock */ = {
			isa = PBXShellScriptBuildPhase;
			buildActionMask = 2147483647;
			files = (
			);
			inputPaths = (
				"${PODS_PODFILE_DIR_PATH}/Podfile.lock",
				"${PODS_ROOT}/Manifest.lock",
			);
			name = "[CP] Check Pods Manifest.lock";
			outputPaths = (
				"$(DERIVED_FILE_DIR)/Pods-fresh-checkManifestLockResult.txt",
			);
			runOnlyForDeploymentPostprocessing = 0;
			shellPath = /bin/sh;
			shellScript = "diff \"${PODS_PODFILE_DIR_PATH}/Podfile.lock\" \"${PODS_ROOT}/Manifest.lock\" > /dev/null\nif [ $? != 0 ] ; then\n    # print error to STDERR\n    echo \"error: The sandbox is not in sync with the Podfile.lock. Run 'pod install' or update your CocoaPods installation.\" >&2\n    exit 1\nfi\n# This output is used by Xcode 'outputs' to avoid re-running this script phase.\necho \"SUCCESS\" > \"${SCRIPT_OUTPUT_FILE_0}\"\n";
			showEnvVarsInLog = 0;
		};
/* End PBXShellScriptBuildPhase section */

/* Begin PBXSourcesBuildPhase section */
		6E975E861FAD863C0009F1F3 /* Sources */ = {
			isa = PBXSourcesBuildPhase;
			buildActionMask = 2147483647;
			files = (
				6E3DFB291FAE0A2E004D4A13 /* AppDelegate.swift in Sources */,
				2E347E851FADEECF00907633 /* PopulationCompositionEntity.swift in Sources */,
				6E3DFB2D1FAE10C0004D4A13 /* QuizRepository.swift in Sources */,
				2E347E911FAE175500907633 /* MunicipalityFoundationRequest.swift in Sources */,
				2E557FF91FAE417600B0F019 /* PartnerDocomoDestinationRequest.swift in Sources */,
				2E347E831FADEB4700907633 /* PopulationCompositionRequest.swift in Sources */,
				2E347E8F1FAE0EC100907633 /* IndustryPowerForIndustryEntity.swift in Sources */,
				6E975ECF1FAD94AC0009F1F3 /* CityDataStore.swift in Sources */,
				6EABAE921FADD9BA00B08F3E /* GenreRepository.swift in Sources */,
				6EABAEAA1FADEFAF00B08F3E /* ResultViewController.swift in Sources */,
				6E975EC91FAD8EE00009F1F3 /* ProfileTopViewController.swift in Sources */,
				6EABAE941FADD9EA00B08F3E /* Genre.swift in Sources */,
				6EABAE851FADA6DB00B08F3E /* City.swift in Sources */,
				6EABAEAC1FADEFBA00B08F3E /* ProfileViewController.swift in Sources */,
				6E975EC21FAD8C200009F1F3 /* QuizTopViewController.swift in Sources */,
				2E347E931FAE17FC00907633 /* MunicipalityFoundationEntity.swift in Sources */,
				2E557FFB1FAE430100B0F019 /* PartnerDocomoDestinationEntity.swift in Sources */,
				2E347E891FADF4EB00907633 /* APIResult.swift in Sources */,
				6EABAE8B1FADB25000B08F3E /* GenreViewController.swift in Sources */,
				2E347E951FAE1BB700907633 /* TourismForeignersForFromRequest.swift in Sources */,
				6E975EBD1FAD8BAA0009F1F3 /* RootController.swift in Sources */,
				6EABAE9C1FADEE8500B08F3E /* QuizViewController.swift in Sources */,
				6EABAE971FADDAAB00B08F3E /* Utility.swift in Sources */,
				6EABAE901FADB94600B08F3E /* GenreCollectionViewCell.swift in Sources */,
				6EABAEA11FADEEBC00B08F3E /* AnswerViewController.swift in Sources */,
				2E347E771FADB84200907633 /* Secret.swift in Sources */,
				2E347E7D1FADD9D600907633 /* CitiesRequest.swift in Sources */,
				2E347E971FAE1C7500907633 /* TourismForeignersForFromEntity.swift in Sources */,
				2E347E811FADDCBB00907633 /* FreshAPIConfiguration.swift in Sources */,
				2E347E8D1FAE0DFB00907633 /* IndustryPowerForIndustryRequest.swift in Sources */,
				6E3DFB2B1FAE0E46004D4A13 /* Quiz.swift in Sources */,
				2E347E7B1FADD8F200907633 /* API.swift in Sources */,
				2E347E7F1FADDAB700907633 /* FreshAPI.swift in Sources */,
				2E347E8B1FADF9F200907633 /* APIRepository.swift in Sources */,
				6E975ECC1FAD94080009F1F3 /* CityRepository.swift in Sources */,
			);
			runOnlyForDeploymentPostprocessing = 0;
		};
		6E975E9A1FAD863C0009F1F3 /* Sources */ = {
			isa = PBXSourcesBuildPhase;
			buildActionMask = 2147483647;
			files = (
				6E975EA31FAD863C0009F1F3 /* freshTests.swift in Sources */,
			);
			runOnlyForDeploymentPostprocessing = 0;
		};
		6E975EA51FAD863C0009F1F3 /* Sources */ = {
			isa = PBXSourcesBuildPhase;
			buildActionMask = 2147483647;
			files = (
				6E975EAE1FAD863C0009F1F3 /* freshUITests.swift in Sources */,
			);
			runOnlyForDeploymentPostprocessing = 0;
		};
/* End PBXSourcesBuildPhase section */

/* Begin PBXTargetDependency section */
		6E975EA01FAD863C0009F1F3 /* PBXTargetDependency */ = {
			isa = PBXTargetDependency;
			target = 6E975E891FAD863C0009F1F3 /* fresh */;
			targetProxy = 6E975E9F1FAD863C0009F1F3 /* PBXContainerItemProxy */;
		};
		6E975EAB1FAD863C0009F1F3 /* PBXTargetDependency */ = {
			isa = PBXTargetDependency;
			target = 6E975E891FAD863C0009F1F3 /* fresh */;
			targetProxy = 6E975EAA1FAD863C0009F1F3 /* PBXContainerItemProxy */;
		};
/* End PBXTargetDependency section */

/* Begin PBXVariantGroup section */
		6E975E911FAD863C0009F1F3 /* RootController.storyboard */ = {
			isa = PBXVariantGroup;
			children = (
				6E975E921FAD863C0009F1F3 /* Base */,
			);
			name = RootController.storyboard;
			sourceTree = "<group>";
		};
		6E975E961FAD863C0009F1F3 /* LaunchScreen.storyboard */ = {
			isa = PBXVariantGroup;
			children = (
				6E975E971FAD863C0009F1F3 /* Base */,
			);
			name = LaunchScreen.storyboard;
			sourceTree = "<group>";
		};
/* End PBXVariantGroup section */

/* Begin XCBuildConfiguration section */
		6E975EB01FAD863C0009F1F3 /* Debug */ = {
			isa = XCBuildConfiguration;
			buildSettings = {
				ALWAYS_SEARCH_USER_PATHS = NO;
				CLANG_ANALYZER_NONNULL = YES;
				CLANG_ANALYZER_NUMBER_OBJECT_CONVERSION = YES_AGGRESSIVE;
				CLANG_CXX_LANGUAGE_STANDARD = "gnu++14";
				CLANG_CXX_LIBRARY = "libc++";
				CLANG_ENABLE_MODULES = YES;
				CLANG_ENABLE_OBJC_ARC = YES;
				CLANG_WARN_BLOCK_CAPTURE_AUTORELEASING = YES;
				CLANG_WARN_BOOL_CONVERSION = YES;
				CLANG_WARN_COMMA = YES;
				CLANG_WARN_CONSTANT_CONVERSION = YES;
				CLANG_WARN_DIRECT_OBJC_ISA_USAGE = YES_ERROR;
				CLANG_WARN_DOCUMENTATION_COMMENTS = YES;
				CLANG_WARN_EMPTY_BODY = YES;
				CLANG_WARN_ENUM_CONVERSION = YES;
				CLANG_WARN_INFINITE_RECURSION = YES;
				CLANG_WARN_INT_CONVERSION = YES;
				CLANG_WARN_NON_LITERAL_NULL_CONVERSION = YES;
				CLANG_WARN_OBJC_LITERAL_CONVERSION = YES;
				CLANG_WARN_OBJC_ROOT_CLASS = YES_ERROR;
				CLANG_WARN_RANGE_LOOP_ANALYSIS = YES;
				CLANG_WARN_STRICT_PROTOTYPES = YES;
				CLANG_WARN_SUSPICIOUS_MOVE = YES;
				CLANG_WARN_UNGUARDED_AVAILABILITY = YES_AGGRESSIVE;
				CLANG_WARN_UNREACHABLE_CODE = YES;
				CLANG_WARN__DUPLICATE_METHOD_MATCH = YES;
				CODE_SIGN_IDENTITY = "iPhone Developer";
				COPY_PHASE_STRIP = NO;
				DEBUG_INFORMATION_FORMAT = dwarf;
				ENABLE_STRICT_OBJC_MSGSEND = YES;
				ENABLE_TESTABILITY = YES;
				GCC_C_LANGUAGE_STANDARD = gnu11;
				GCC_DYNAMIC_NO_PIC = NO;
				GCC_NO_COMMON_BLOCKS = YES;
				GCC_OPTIMIZATION_LEVEL = 0;
				GCC_PREPROCESSOR_DEFINITIONS = (
					"DEBUG=1",
					"$(inherited)",
				);
				GCC_WARN_64_TO_32_BIT_CONVERSION = YES;
				GCC_WARN_ABOUT_RETURN_TYPE = YES_ERROR;
				GCC_WARN_UNDECLARED_SELECTOR = YES;
				GCC_WARN_UNINITIALIZED_AUTOS = YES_AGGRESSIVE;
				GCC_WARN_UNUSED_FUNCTION = YES;
				GCC_WARN_UNUSED_VARIABLE = YES;
				IPHONEOS_DEPLOYMENT_TARGET = 11.0;
				MTL_ENABLE_DEBUG_INFO = YES;
				ONLY_ACTIVE_ARCH = YES;
				SDKROOT = iphoneos;
				SWIFT_ACTIVE_COMPILATION_CONDITIONS = DEBUG;
				SWIFT_OPTIMIZATION_LEVEL = "-Onone";
			};
			name = Debug;
		};
		6E975EB11FAD863C0009F1F3 /* Release */ = {
			isa = XCBuildConfiguration;
			buildSettings = {
				ALWAYS_SEARCH_USER_PATHS = NO;
				CLANG_ANALYZER_NONNULL = YES;
				CLANG_ANALYZER_NUMBER_OBJECT_CONVERSION = YES_AGGRESSIVE;
				CLANG_CXX_LANGUAGE_STANDARD = "gnu++14";
				CLANG_CXX_LIBRARY = "libc++";
				CLANG_ENABLE_MODULES = YES;
				CLANG_ENABLE_OBJC_ARC = YES;
				CLANG_WARN_BLOCK_CAPTURE_AUTORELEASING = YES;
				CLANG_WARN_BOOL_CONVERSION = YES;
				CLANG_WARN_COMMA = YES;
				CLANG_WARN_CONSTANT_CONVERSION = YES;
				CLANG_WARN_DIRECT_OBJC_ISA_USAGE = YES_ERROR;
				CLANG_WARN_DOCUMENTATION_COMMENTS = YES;
				CLANG_WARN_EMPTY_BODY = YES;
				CLANG_WARN_ENUM_CONVERSION = YES;
				CLANG_WARN_INFINITE_RECURSION = YES;
				CLANG_WARN_INT_CONVERSION = YES;
				CLANG_WARN_NON_LITERAL_NULL_CONVERSION = YES;
				CLANG_WARN_OBJC_LITERAL_CONVERSION = YES;
				CLANG_WARN_OBJC_ROOT_CLASS = YES_ERROR;
				CLANG_WARN_RANGE_LOOP_ANALYSIS = YES;
				CLANG_WARN_STRICT_PROTOTYPES = YES;
				CLANG_WARN_SUSPICIOUS_MOVE = YES;
				CLANG_WARN_UNGUARDED_AVAILABILITY = YES_AGGRESSIVE;
				CLANG_WARN_UNREACHABLE_CODE = YES;
				CLANG_WARN__DUPLICATE_METHOD_MATCH = YES;
				CODE_SIGN_IDENTITY = "iPhone Developer";
				COPY_PHASE_STRIP = NO;
				DEBUG_INFORMATION_FORMAT = "dwarf-with-dsym";
				ENABLE_NS_ASSERTIONS = NO;
				ENABLE_STRICT_OBJC_MSGSEND = YES;
				GCC_C_LANGUAGE_STANDARD = gnu11;
				GCC_NO_COMMON_BLOCKS = YES;
				GCC_WARN_64_TO_32_BIT_CONVERSION = YES;
				GCC_WARN_ABOUT_RETURN_TYPE = YES_ERROR;
				GCC_WARN_UNDECLARED_SELECTOR = YES;
				GCC_WARN_UNINITIALIZED_AUTOS = YES_AGGRESSIVE;
				GCC_WARN_UNUSED_FUNCTION = YES;
				GCC_WARN_UNUSED_VARIABLE = YES;
				IPHONEOS_DEPLOYMENT_TARGET = 11.0;
				MTL_ENABLE_DEBUG_INFO = NO;
				SDKROOT = iphoneos;
				SWIFT_OPTIMIZATION_LEVEL = "-Owholemodule";
				VALIDATE_PRODUCT = YES;
			};
			name = Release;
		};
		6E975EB31FAD863C0009F1F3 /* Debug */ = {
			isa = XCBuildConfiguration;
			baseConfigurationReference = 9405081321D45A6BE03A62E6 /* Pods-fresh.debug.xcconfig */;
			buildSettings = {
				ASSETCATALOG_COMPILER_APPICON_NAME = AppIcon;
				CODE_SIGN_STYLE = Automatic;
				DEVELOPMENT_TEAM = TKM4VSA3YF;
				INFOPLIST_FILE = fresh/Info.plist;
				LD_RUNPATH_SEARCH_PATHS = "$(inherited) @executable_path/Frameworks";
				PRODUCT_BUNDLE_IDENTIFIER = com.kazu.fresh;
				PRODUCT_NAME = "$(TARGET_NAME)";
				SWIFT_VERSION = 4.0;
				TARGETED_DEVICE_FAMILY = "1,2";
			};
			name = Debug;
		};
		6E975EB41FAD863C0009F1F3 /* Release */ = {
			isa = XCBuildConfiguration;
			baseConfigurationReference = BFDE5B06F58B88EE7E2A6810 /* Pods-fresh.release.xcconfig */;
			buildSettings = {
				ASSETCATALOG_COMPILER_APPICON_NAME = AppIcon;
				CODE_SIGN_STYLE = Automatic;
				DEVELOPMENT_TEAM = TKM4VSA3YF;
				INFOPLIST_FILE = fresh/Info.plist;
				LD_RUNPATH_SEARCH_PATHS = "$(inherited) @executable_path/Frameworks";
				PRODUCT_BUNDLE_IDENTIFIER = com.kazu.fresh;
				PRODUCT_NAME = "$(TARGET_NAME)";
				SWIFT_VERSION = 4.0;
				TARGETED_DEVICE_FAMILY = "1,2";
			};
			name = Release;
		};
		6E975EB61FAD863C0009F1F3 /* Debug */ = {
			isa = XCBuildConfiguration;
			baseConfigurationReference = 5847A2480DC31544AF83807B /* Pods-freshTests.debug.xcconfig */;
			buildSettings = {
				ALWAYS_EMBED_SWIFT_STANDARD_LIBRARIES = YES;
				BUNDLE_LOADER = "$(TEST_HOST)";
				CODE_SIGN_STYLE = Automatic;
				DEVELOPMENT_TEAM = TKM4VSA3YF;
				INFOPLIST_FILE = freshTests/Info.plist;
				LD_RUNPATH_SEARCH_PATHS = "$(inherited) @executable_path/Frameworks @loader_path/Frameworks";
				PRODUCT_BUNDLE_IDENTIFIER = com.kazu.freshTests;
				PRODUCT_NAME = "$(TARGET_NAME)";
				SWIFT_VERSION = 4.0;
				TARGETED_DEVICE_FAMILY = "1,2";
				TEST_HOST = "$(BUILT_PRODUCTS_DIR)/fresh.app/fresh";
			};
			name = Debug;
		};
		6E975EB71FAD863C0009F1F3 /* Release */ = {
			isa = XCBuildConfiguration;
			baseConfigurationReference = 6A08BCA0193B20874D9D4888 /* Pods-freshTests.release.xcconfig */;
			buildSettings = {
				ALWAYS_EMBED_SWIFT_STANDARD_LIBRARIES = YES;
				BUNDLE_LOADER = "$(TEST_HOST)";
				CODE_SIGN_STYLE = Automatic;
				DEVELOPMENT_TEAM = TKM4VSA3YF;
				INFOPLIST_FILE = freshTests/Info.plist;
				LD_RUNPATH_SEARCH_PATHS = "$(inherited) @executable_path/Frameworks @loader_path/Frameworks";
				PRODUCT_BUNDLE_IDENTIFIER = com.kazu.freshTests;
				PRODUCT_NAME = "$(TARGET_NAME)";
				SWIFT_VERSION = 4.0;
				TARGETED_DEVICE_FAMILY = "1,2";
				TEST_HOST = "$(BUILT_PRODUCTS_DIR)/fresh.app/fresh";
			};
			name = Release;
		};
		6E975EB91FAD863C0009F1F3 /* Debug */ = {
			isa = XCBuildConfiguration;
			baseConfigurationReference = 34F4CC94B1FF5F4904093E0F /* Pods-freshUITests.debug.xcconfig */;
			buildSettings = {
				ALWAYS_EMBED_SWIFT_STANDARD_LIBRARIES = YES;
				CODE_SIGN_STYLE = Automatic;
				DEVELOPMENT_TEAM = TKM4VSA3YF;
				INFOPLIST_FILE = freshUITests/Info.plist;
				LD_RUNPATH_SEARCH_PATHS = "$(inherited) @executable_path/Frameworks @loader_path/Frameworks";
				PRODUCT_BUNDLE_IDENTIFIER = com.kazu.freshUITests;
				PRODUCT_NAME = "$(TARGET_NAME)";
				SWIFT_VERSION = 4.0;
				TARGETED_DEVICE_FAMILY = "1,2";
				TEST_TARGET_NAME = fresh;
			};
			name = Debug;
		};
		6E975EBA1FAD863C0009F1F3 /* Release */ = {
			isa = XCBuildConfiguration;
			baseConfigurationReference = AB2412E92778A14C5B2E1B74 /* Pods-freshUITests.release.xcconfig */;
			buildSettings = {
				ALWAYS_EMBED_SWIFT_STANDARD_LIBRARIES = YES;
				CODE_SIGN_STYLE = Automatic;
				DEVELOPMENT_TEAM = TKM4VSA3YF;
				INFOPLIST_FILE = freshUITests/Info.plist;
				LD_RUNPATH_SEARCH_PATHS = "$(inherited) @executable_path/Frameworks @loader_path/Frameworks";
				PRODUCT_BUNDLE_IDENTIFIER = com.kazu.freshUITests;
				PRODUCT_NAME = "$(TARGET_NAME)";
				SWIFT_VERSION = 4.0;
				TARGETED_DEVICE_FAMILY = "1,2";
				TEST_TARGET_NAME = fresh;
			};
			name = Release;
		};
/* End XCBuildConfiguration section */

/* Begin XCConfigurationList section */
		6E975E851FAD863C0009F1F3 /* Build configuration list for PBXProject "fresh" */ = {
			isa = XCConfigurationList;
			buildConfigurations = (
				6E975EB01FAD863C0009F1F3 /* Debug */,
				6E975EB11FAD863C0009F1F3 /* Release */,
			);
			defaultConfigurationIsVisible = 0;
			defaultConfigurationName = Release;
		};
		6E975EB21FAD863C0009F1F3 /* Build configuration list for PBXNativeTarget "fresh" */ = {
			isa = XCConfigurationList;
			buildConfigurations = (
				6E975EB31FAD863C0009F1F3 /* Debug */,
				6E975EB41FAD863C0009F1F3 /* Release */,
			);
			defaultConfigurationIsVisible = 0;
			defaultConfigurationName = Release;
		};
		6E975EB51FAD863C0009F1F3 /* Build configuration list for PBXNativeTarget "freshTests" */ = {
			isa = XCConfigurationList;
			buildConfigurations = (
				6E975EB61FAD863C0009F1F3 /* Debug */,
				6E975EB71FAD863C0009F1F3 /* Release */,
			);
			defaultConfigurationIsVisible = 0;
			defaultConfigurationName = Release;
		};
		6E975EB81FAD863C0009F1F3 /* Build configuration list for PBXNativeTarget "freshUITests" */ = {
			isa = XCConfigurationList;
			buildConfigurations = (
				6E975EB91FAD863C0009F1F3 /* Debug */,
				6E975EBA1FAD863C0009F1F3 /* Release */,
			);
			defaultConfigurationIsVisible = 0;
			defaultConfigurationName = Release;
		};
/* End XCConfigurationList section */
	};
	rootObject = 6E975E821FAD863C0009F1F3 /* Project object */;
}
